
Microsoft Visual Studio Solution File, Format Version 12.00
# Visual Studio 15
VisualStudioVersion = 15.0.26124.0
MinimumVisualStudioVersion = 15.0.26124.0
Project("{9A19103F-16F7-4668-BE54-9A1E7A4F7556}") = "R5T.Saxony.Construction", "R5T.Saxony.Construction\R5T.Saxony.Construction.csproj", "{D918DF2D-7A30-4F79-8D3F-0B0B5F4A0695}"
EndProject
Project("{9A19103F-16F7-4668-BE54-9A1E7A4F7556}") = "R5T.Saxony", "R5T.Saxony\R5T.Saxony.csproj", "{B4644206-91B7-4CD4-B89F-40BDB673D145}"
EndProject
Project("{9A19103F-16F7-4668-BE54-9A1E7A4F7556}") = "R5T.Saxony.Testing", "R5T.Saxony.Testing\R5T.Saxony.Testing.csproj", "{D2FE83D2-ED0A-48E4-A2F9-1BCA2F67B662}"
EndProject
Project("{2150E333-8FDC-42A3-9474-1A3956D46DE8}") = "_Dependencies", "_Dependencies", "{0961F644-5A8A-4DDD-BB4C-B5F6AB7A5D47}"
EndProject
Project("{9A19103F-16F7-4668-BE54-9A1E7A4F7556}") = "R5T.Gaul", "..\..\R5T.Gaul\source\R5T.Gaul\R5T.Gaul.csproj", "{4E1ABABB-7231-4B44-A7CE-C3CA78F361F1}"
EndProject
Project("{9A19103F-16F7-4668-BE54-9A1E7A4F7556}") = "R5T.Chamavia", "..\..\R5T.Chamavia\source\R5T.Chamavia\R5T.Chamavia.csproj", "{D15CD9DB-B2C0-4790-82A2-D92087C5B051}"
EndProject
Project("{9A19103F-16F7-4668-BE54-9A1E7A4F7556}") = "R5T.Dacia", "..\..\R5T.Dacia\source\R5T.Dacia\R5T.Dacia.csproj", "{AA759066-D8B4-4EBF-95C7-C0B5F905960B}"
EndProject
Project("{9A19103F-16F7-4668-BE54-9A1E7A4F7556}") = "R5T.Langobard", "..\..\R5T.Langobard\source\R5T.Langobard\R5T.Langobard.csproj", "{EFBD141A-5F1E-4556-93B6-EE9C602AF817}"
EndProject
Project("{9A19103F-16F7-4668-BE54-9A1E7A4F7556}") = "R5T.Sardinia", "..\..\R5T.Sardinia\source\R5T.Sardinia\R5T.Sardinia.csproj", "{B905D33E-23AC-4DA8-A520-CF5C70EBF817}"
EndProject
Project("{9A19103F-16F7-4668-BE54-9A1E7A4F7556}") = "R5T.Herulia", "..\..\R5T.Herulia\source\R5T.Herulia\R5T.Herulia.csproj", "{3DDBD9AA-E2B2-4072-A488-258474316D14}"
EndProject
Global
	GlobalSection(SolutionConfigurationPlatforms) = preSolution
		Debug|Any CPU = Debug|Any CPU
		Debug|x64 = Debug|x64
		Debug|x86 = Debug|x86
		Release|Any CPU = Release|Any CPU
		Release|x64 = Release|x64
		Release|x86 = Release|x86
	EndGlobalSection
	GlobalSection(ProjectConfigurationPlatforms) = postSolution
		{D918DF2D-7A30-4F79-8D3F-0B0B5F4A0695}.Debug|Any CPU.ActiveCfg = Debug|Any CPU
		{D918DF2D-7A30-4F79-8D3F-0B0B5F4A0695}.Debug|Any CPU.Build.0 = Debug|Any CPU
		{D918DF2D-7A30-4F79-8D3F-0B0B5F4A0695}.Debug|x64.ActiveCfg = Debug|Any CPU
		{D918DF2D-7A30-4F79-8D3F-0B0B5F4A0695}.Debug|x64.Build.0 = Debug|Any CPU
		{D918DF2D-7A30-4F79-8D3F-0B0B5F4A0695}.Debug|x86.ActiveCfg = Debug|Any CPU
		{D918DF2D-7A30-4F79-8D3F-0B0B5F4A0695}.Debug|x86.Build.0 = Debug|Any CPU
		{D918DF2D-7A30-4F79-8D3F-0B0B5F4A0695}.Release|Any CPU.ActiveCfg = Release|Any CPU
		{D918DF2D-7A30-4F79-8D3F-0B0B5F4A0695}.Release|Any CPU.Build.0 = Release|Any CPU
		{D918DF2D-7A30-4F79-8D3F-0B0B5F4A0695}.Release|x64.ActiveCfg = Release|Any CPU
		{D918DF2D-7A30-4F79-8D3F-0B0B5F4A0695}.Release|x64.Build.0 = Release|Any CPU
		{D918DF2D-7A30-4F79-8D3F-0B0B5F4A0695}.Release|x86.ActiveCfg = Release|Any CPU
		{D918DF2D-7A30-4F79-8D3F-0B0B5F4A0695}.Release|x86.Build.0 = Release|Any CPU
		{B4644206-91B7-4CD4-B89F-40BDB673D145}.Debug|Any CPU.ActiveCfg = Debug|Any CPU
		{B4644206-91B7-4CD4-B89F-40BDB673D145}.Debug|Any CPU.Build.0 = Debug|Any CPU
		{B4644206-91B7-4CD4-B89F-40BDB673D145}.Debug|x64.ActiveCfg = Debug|Any CPU
		{B4644206-91B7-4CD4-B89F-40BDB673D145}.Debug|x64.Build.0 = Debug|Any CPU
		{B4644206-91B7-4CD4-B89F-40BDB673D145}.Debug|x86.ActiveCfg = Debug|Any CPU
		{B4644206-91B7-4CD4-B89F-40BDB673D145}.Debug|x86.Build.0 = Debug|Any CPU
		{B4644206-91B7-4CD4-B89F-40BDB673D145}.Release|Any CPU.ActiveCfg = Release|Any CPU
		{B4644206-91B7-4CD4-B89F-40BDB673D145}.Release|Any CPU.Build.0 = Release|Any CPU
		{B4644206-91B7-4CD4-B89F-40BDB673D145}.Release|x64.ActiveCfg = Release|Any CPU
		{B4644206-91B7-4CD4-B89F-40BDB673D145}.Release|x64.Build.0 = Release|Any CPU
		{B4644206-91B7-4CD4-B89F-40BDB673D145}.Release|x86.ActiveCfg = Release|Any CPU
		{B4644206-91B7-4CD4-B89F-40BDB673D145}.Release|x86.Build.0 = Release|Any CPU
		{D2FE83D2-ED0A-48E4-A2F9-1BCA2F67B662}.Debug|Any CPU.ActiveCfg = Debug|Any CPU
		{D2FE83D2-ED0A-48E4-A2F9-1BCA2F67B662}.Debug|Any CPU.Build.0 = Debug|Any CPU
		{D2FE83D2-ED0A-48E4-A2F9-1BCA2F67B662}.Debug|x64.ActiveCfg = Debug|Any CPU
		{D2FE83D2-ED0A-48E4-A2F9-1BCA2F67B662}.Debug|x64.Build.0 = Debug|Any CPU
		{D2FE83D2-ED0A-48E4-A2F9-1BCA2F67B662}.Debug|x86.ActiveCfg = Debug|Any CPU
		{D2FE83D2-ED0A-48E4-A2F9-1BCA2F67B662}.Debug|x86.Build.0 = Debug|Any CPU
		{D2FE83D2-ED0A-48E4-A2F9-1BCA2F67B662}.Release|Any CPU.ActiveCfg = Release|Any CPU
		{D2FE83D2-ED0A-48E4-A2F9-1BCA2F67B662}.Release|Any CPU.Build.0 = Release|Any CPU
		{D2FE83D2-ED0A-48E4-A2F9-1BCA2F67B662}.Release|x64.ActiveCfg = Release|Any CPU
		{D2FE83D2-ED0A-48E4-A2F9-1BCA2F67B662}.Release|x64.Build.0 = Release|Any CPU
		{D2FE83D2-ED0A-48E4-A2F9-1BCA2F67B662}.Release|x86.ActiveCfg = Release|Any CPU
		{D2FE83D2-ED0A-48E4-A2F9-1BCA2F67B662}.Release|x86.Build.0 = Release|Any CPU
		{4E1ABABB-7231-4B44-A7CE-C3CA78F361F1}.Debug|Any CPU.ActiveCfg = Debug|Any CPU
		{4E1ABABB-7231-4B44-A7CE-C3CA78F361F1}.Debug|Any CPU.Build.0 = Debug|Any CPU
		{4E1ABABB-7231-4B44-A7CE-C3CA78F361F1}.Debug|x64.ActiveCfg = Debug|Any CPU
		{4E1ABABB-7231-4B44-A7CE-C3CA78F361F1}.Debug|x64.Build.0 = Debug|Any CPU
		{4E1ABABB-7231-4B44-A7CE-C3CA78F361F1}.Debug|x86.ActiveCfg = Debug|Any CPU
		{4E1ABABB-7231-4B44-A7CE-C3CA78F361F1}.Debug|x86.Build.0 = Debug|Any CPU
		{4E1ABABB-7231-4B44-A7CE-C3CA78F361F1}.Release|Any CPU.ActiveCfg = Release|Any CPU
		{4E1ABABB-7231-4B44-A7CE-C3CA78F361F1}.Release|Any CPU.Build.0 = Release|Any CPU
		{4E1ABABB-7231-4B44-A7CE-C3CA78F361F1}.Release|x64.ActiveCfg = Release|Any CPU
		{4E1ABABB-7231-4B44-A7CE-C3CA78F361F1}.Release|x64.Build.0 = Release|Any CPU
		{4E1ABABB-7231-4B44-A7CE-C3CA78F361F1}.Release|x86.ActiveCfg = Release|Any CPU
		{4E1ABABB-7231-4B44-A7CE-C3CA78F361F1}.Release|x86.Build.0 = Release|Any CPU
		{D15CD9DB-B2C0-4790-82A2-D92087C5B051}.Debug|Any CPU.ActiveCfg = Debug|Any CPU
		{D15CD9DB-B2C0-4790-82A2-D92087C5B051}.Debug|Any CPU.Build.0 = Debug|Any CPU
		{D15CD9DB-B2C0-4790-82A2-D92087C5B051}.Debug|x64.ActiveCfg = Debug|Any CPU
		{D15CD9DB-B2C0-4790-82A2-D92087C5B051}.Debug|x64.Build.0 = Debug|Any CPU
		{D15CD9DB-B2C0-4790-82A2-D92087C5B051}.Debug|x86.ActiveCfg = Debug|Any CPU
		{D15CD9DB-B2C0-4790-82A2-D92087C5B051}.Debug|x86.Build.0 = Debug|Any CPU
		{D15CD9DB-B2C0-4790-82A2-D92087C5B051}.Release|Any CPU.ActiveCfg = Release|Any CPU
		{D15CD9DB-B2C0-4790-82A2-D92087C5B051}.Release|Any CPU.Build.0 = Release|Any CPU
		{D15CD9DB-B2C0-4790-82A2-D92087C5B051}.Release|x64.ActiveCfg = Release|Any CPU
		{D15CD9DB-B2C0-4790-82A2-D92087C5B051}.Release|x64.Build.0 = Release|Any CPU
		{D15CD9DB-B2C0-4790-82A2-D92087C5B051}.Release|x86.ActiveCfg = Release|Any CPU
		{D15CD9DB-B2C0-4790-82A2-D92087C5B051}.Release|x86.Build.0 = Release|Any CPU
		{AA759066-D8B4-4EBF-95C7-C0B5F905960B}.Debug|Any CPU.ActiveCfg = Debug|Any CPU
		{AA759066-D8B4-4EBF-95C7-C0B5F905960B}.Debug|Any CPU.Build.0 = Debug|Any CPU
		{AA759066-D8B4-4EBF-95C7-C0B5F905960B}.Debug|x64.ActiveCfg = Debug|Any CPU
		{AA759066-D8B4-4EBF-95C7-C0B5F905960B}.Debug|x64.Build.0 = Debug|Any CPU
		{AA759066-D8B4-4EBF-95C7-C0B5F905960B}.Debug|x86.ActiveCfg = Debug|Any CPU
		{AA759066-D8B4-4EBF-95C7-C0B5F905960B}.Debug|x86.Build.0 = Debug|Any CPU
		{AA759066-D8B4-4EBF-95C7-C0B5F905960B}.Release|Any CPU.ActiveCfg = Release|Any CPU
		{AA759066-D8B4-4EBF-95C7-C0B5F905960B}.Release|Any CPU.Build.0 = Release|Any CPU
		{AA759066-D8B4-4EBF-95C7-C0B5F905960B}.Release|x64.ActiveCfg = Release|Any CPU
		{AA759066-D8B4-4EBF-95C7-C0B5F905960B}.Release|x64.Build.0 = Release|Any CPU
		{AA759066-D8B4-4EBF-95C7-C0B5F905960B}.Release|x86.ActiveCfg = Release|Any CPU
		{AA759066-D8B4-4EBF-95C7-C0B5F905960B}.Release|x86.Build.0 = Release|Any CPU
		{EFBD141A-5F1E-4556-93B6-EE9C602AF817}.Debug|Any CPU.ActiveCfg = Debug|Any CPU
		{EFBD141A-5F1E-4556-93B6-EE9C602AF817}.Debug|Any CPU.Build.0 = Debug|Any CPU
		{EFBD141A-5F1E-4556-93B6-EE9C602AF817}.Debug|x64.ActiveCfg = Debug|Any CPU
		{EFBD141A-5F1E-4556-93B6-EE9C602AF817}.Debug|x64.Build.0 = Debug|Any CPU
		{EFBD141A-5F1E-4556-93B6-EE9C602AF817}.Debug|x86.ActiveCfg = Debug|Any CPU
		{EFBD141A-5F1E-4556-93B6-EE9C602AF817}.Debug|x86.Build.0 = Debug|Any CPU
		{EFBD141A-5F1E-4556-93B6-EE9C602AF817}.Release|Any CPU.ActiveCfg = Release|Any CPU
		{EFBD141A-5F1E-4556-93B6-EE9C602AF817}.Release|Any CPU.Build.0 = Release|Any CPU
		{EFBD141A-5F1E-4556-93B6-EE9C602AF817}.Release|x64.ActiveCfg = Release|Any CPU
		{EFBD141A-5F1E-4556-93B6-EE9C602AF817}.Release|x64.Build.0 = Release|Any CPU
		{EFBD141A-5F1E-4556-93B6-EE9C602AF817}.Release|x86.ActiveCfg = Release|Any CPU
		{EFBD141A-5F1E-4556-93B6-EE9C602AF817}.Release|x86.Build.0 = Release|Any CPU
		{B905D33E-23AC-4DA8-A520-CF5C70EBF817}.Debug|Any CPU.ActiveCfg = Debug|Any CPU
		{B905D33E-23AC-4DA8-A520-CF5C70EBF817}.Debug|Any CPU.Build.0 = Debug|Any CPU
		{B905D33E-23AC-4DA8-A520-CF5C70EBF817}.Debug|x64.ActiveCfg = Debug|Any CPU
		{B905D33E-23AC-4DA8-A520-CF5C70EBF817}.Debug|x64.Build.0 = Debug|Any CPU
		{B905D33E-23AC-4DA8-A520-CF5C70EBF817}.Debug|x86.ActiveCfg = Debug|Any CPU
		{B905D33E-23AC-4DA8-A520-CF5C70EBF817}.Debug|x86.Build.0 = Debug|Any CPU
		{B905D33E-23AC-4DA8-A520-CF5C70EBF817}.Release|Any CPU.ActiveCfg = Release|Any CPU
		{B905D33E-23AC-4DA8-A520-CF5C70EBF817}.Release|Any CPU.Build.0 = Release|Any CPU
		{B905D33E-23AC-4DA8-A520-CF5C70EBF817}.Release|x64.ActiveCfg = Release|Any CPU
		{B905D33E-23AC-4DA8-A520-CF5C70EBF817}.Release|x64.Build.0 = Release|Any CPU
		{B905D33E-23AC-4DA8-A520-CF5C70EBF817}.Release|x86.ActiveCfg = Release|Any CPU
		{B905D33E-23AC-4DA8-A520-CF5C70EBF817}.Release|x86.Build.0 = Release|Any CPU
		{3DDBD9AA-E2B2-4072-A488-258474316D14}.Debug|Any CPU.ActiveCfg = Debug|Any CPU
		{3DDBD9AA-E2B2-4072-A488-258474316D14}.Debug|Any CPU.Build.0 = Debug|Any CPU
		{3DDBD9AA-E2B2-4072-A488-258474316D14}.Debug|x64.ActiveCfg = Debug|Any CPU
		{3DDBD9AA-E2B2-4072-A488-258474316D14}.Debug|x64.Build.0 = Debug|Any CPU
		{3DDBD9AA-E2B2-4072-A488-258474316D14}.Debug|x86.ActiveCfg = Debug|Any CPU
		{3DDBD9AA-E2B2-4072-A488-258474316D14}.Debug|x86.Build.0 = Debug|Any CPU
		{3DDBD9AA-E2B2-4072-A488-258474316D14}.Release|Any CPU.ActiveCfg = Release|Any CPU
		{3DDBD9AA-E2B2-4072-A488-258474316D14}.Release|Any CPU.Build.0 = Release|Any CPU
		{3DDBD9AA-E2B2-4072-A488-258474316D14}.Release|x64.ActiveCfg = Release|Any CPU
		{3DDBD9AA-E2B2-4072-A488-258474316D14}.Release|x64.Build.0 = Release|Any CPU
		{3DDBD9AA-E2B2-4072-A488-258474316D14}.Release|x86.ActiveCfg = Release|Any CPU
		{3DDBD9AA-E2B2-4072-A488-258474316D14}.Release|x86.Build.0 = Release|Any CPU
	EndGlobalSection
	GlobalSection(SolutionProperties) = preSolution
		HideSolutionNode = FALSE
	EndGlobalSection
	GlobalSection(NestedProjects) = preSolution
		{4E1ABABB-7231-4B44-A7CE-C3CA78F361F1} = {0961F644-5A8A-4DDD-BB4C-B5F6AB7A5D47}
		{D15CD9DB-B2C0-4790-82A2-D92087C5B051} = {0961F644-5A8A-4DDD-BB4C-B5F6AB7A5D47}
		{AA759066-D8B4-4EBF-95C7-C0B5F905960B} = {0961F644-5A8A-4DDD-BB4C-B5F6AB7A5D47}
		{EFBD141A-5F1E-4556-93B6-EE9C602AF817} = {0961F644-5A8A-4DDD-BB4C-B5F6AB7A5D47}
		{B905D33E-23AC-4DA8-A520-CF5C70EBF817} = {0961F644-5A8A-4DDD-BB4C-B5F6AB7A5D47}
		{3DDBD9AA-E2B2-4072-A488-258474316D14} = {0961F644-5A8A-4DDD-BB4C-B5F6AB7A5D47}
	EndGlobalSection
	GlobalSection(ExtensibilityGlobals) = postSolution
		SolutionGuid = {7283E257-7FC4-4F9B-990B-F5CE5A8EDD8C}
	EndGlobalSection
EndGlobal
